# THIS IS AN AUTOGENERATED FILE. DO NOT EDIT THIS FILE DIRECTLY.
# yarn lockfile v1


lodash@^4.17.21:
  version "4.17.21"
  resolved "https://registry.npmmirror.com/lodash/-/lodash-4.17.21.tgz#679591c564c3bffaae8454cf0b3df370c3d6911c"
  integrity sha512-v2kDEe57lecTulaDIuNTPy3Ry4gLGJ6Z1O3vE1krgXZNrsQ+LFTGHVxVjcXPs17LhbZVGedAJv8XZ1tvj5FvSg==

taro-cropper@^1.2.3:
  version "1.2.3"
  resolved "https://registry.npmmirror.com/taro-cropper/-/taro-cropper-1.2.3.tgz#c790525083805caa732faa6fd2efe8a3fd8f04cc"
  integrity sha512-pW8/39KU2BfSwA6EZ7GYU0dKfDAa3Nf1vk2keh3lCY7LM9yLYdW6fb7ufGBSDYpTkDnxdjw5IKznN3LCGER0cA==
